
Microsoft Visual Studio Solution File, Format Version 11.00
# Visual Studio 2010
Project("{FAE04EC0-301F-11D3-BF4B-00C04F79EFBC}") = "McGameJam2017", "Assembly-CSharp.csproj", "{644CD24A-39C2-E1B6-65DE-C47B5CEDD6CF}"
EndProject
Global
	GlobalSection(SolutionConfigurationPlatforms) = preSolution
		Debug|Any CPU = Debug|Any CPU
		Release|Any CPU = Release|Any CPU
	EndGlobalSection
	GlobalSection(ProjectConfigurationPlatforms) = postSolution
		{644CD24A-39C2-E1B6-65DE-C47B5CEDD6CF}.Debug|Any CPU.ActiveCfg = Debug|Any CPU
		{644CD24A-39C2-E1B6-65DE-C47B5CEDD6CF}.Debug|Any CPU.Build.0 = Debug|Any CPU
		{644CD24A-39C2-E1B6-65DE-C47B5CEDD6CF}.Release|Any CPU.ActiveCfg = Release|Any CPU
		{644CD24A-39C2-E1B6-65DE-C47B5CEDD6CF}.Release|Any CPU.Build.0 = Release|Any CPU
	EndGlobalSection
	GlobalSection(SolutionProperties) = preSolution
		HideSolutionNode = FALSE
	EndGlobalSection
	GlobalSection(MonoDevelopProperties) = preSolution
		StartupItem = Assembly-CSharp.csproj
	EndGlobalSection
EndGlobal
